
Microsoft Visual Studio Solution File, Format Version 12.00
# Visual Studio 15
VisualStudioVersion = 15.0.27703.2047
MinimumVisualStudioVersion = 10.0.40219.1
Project("{8BC9CEB8-8B4A-11D0-8D11-00A0C91BC942}") = "MathLib", "MathLib\MathLib.vcxproj", "{7B080BDB-399A-4373-94F1-A23523B8E55B}"
EndProject
Project("{8BC9CEB8-8B4A-11D0-8D11-00A0C91BC942}") = "unitTest", "unitTest\unitTest.vcxproj", "{DDDAF775-353D-4E4C-80C9-8B21C10EFB00}"
	ProjectSection(ProjectDependencies) = postProject
		{7B080BDB-399A-4373-94F1-A23523B8E55B} = {7B080BDB-399A-4373-94F1-A23523B8E55B}
	EndProjectSection
EndProject
Global
	GlobalSection(SolutionConfigurationPlatforms) = preSolution
		Debug|x64 = Debug|x64
		Debug|x86 = Debug|x86
		Release|x64 = Release|x64
		Release|x86 = Release|x86
	EndGlobalSection
	GlobalSection(ProjectConfigurationPlatforms) = postSolution
		{7B080BDB-399A-4373-94F1-A23523B8E55B}.Debug|x64.ActiveCfg = Debug|x64
		{7B080BDB-399A-4373-94F1-A23523B8E55B}.Debug|x64.Build.0 = Debug|x64
		{7B080BDB-399A-4373-94F1-A23523B8E55B}.Debug|x86.ActiveCfg = Debug|Win32
		{7B080BDB-399A-4373-94F1-A23523B8E55B}.Debug|x86.Build.0 = Debug|Win32
		{7B080BDB-399A-4373-94F1-A23523B8E55B}.Release|x64.ActiveCfg = Release|x64
		{7B080BDB-399A-4373-94F1-A23523B8E55B}.Release|x64.Build.0 = Release|x64
		{7B080BDB-399A-4373-94F1-A23523B8E55B}.Release|x86.ActiveCfg = Release|Win32
		{7B080BDB-399A-4373-94F1-A23523B8E55B}.Release|x86.Build.0 = Release|Win32
		{DDDAF775-353D-4E4C-80C9-8B21C10EFB00}.Debug|x64.ActiveCfg = Debug|x64
		{DDDAF775-353D-4E4C-80C9-8B21C10EFB00}.Debug|x64.Build.0 = Debug|x64
		{DDDAF775-353D-4E4C-80C9-8B21C10EFB00}.Debug|x86.ActiveCfg = Debug|Win32
		{DDDAF775-353D-4E4C-80C9-8B21C10EFB00}.Debug|x86.Build.0 = Debug|Win32
		{DDDAF775-353D-4E4C-80C9-8B21C10EFB00}.Release|x64.ActiveCfg = Release|x64
		{DDDAF775-353D-4E4C-80C9-8B21C10EFB00}.Release|x64.Build.0 = Release|x64
		{DDDAF775-353D-4E4C-80C9-8B21C10EFB00}.Release|x86.ActiveCfg = Release|Win32
		{DDDAF775-353D-4E4C-80C9-8B21C10EFB00}.Release|x86.Build.0 = Release|Win32
	EndGlobalSection
	GlobalSection(SolutionProperties) = preSolution
		HideSolutionNode = FALSE
	EndGlobalSection
	GlobalSection(ExtensibilityGlobals) = postSolution
		SolutionGuid = {78B5B7BD-9240-40E3-A1C9-3149E34BF3C1}
	EndGlobalSection
EndGlobal
